# This file is generated by running "yarn install" inside your project.
# Manual changes might be lost - proceed with caution!

__metadata:
  version: 8
  cacheKey: 10c0

"@biomejs/biome@npm:1.4.1":
  version: 1.4.1
  resolution: "@biomejs/biome@npm:1.4.1"
  dependencies:
    "@biomejs/cli-darwin-arm64": "npm:1.4.1"
    "@biomejs/cli-darwin-x64": "npm:1.4.1"
    "@biomejs/cli-linux-arm64": "npm:1.4.1"
    "@biomejs/cli-linux-x64": "npm:1.4.1"
    "@biomejs/cli-win32-arm64": "npm:1.4.1"
    "@biomejs/cli-win32-x64": "npm:1.4.1"
  dependenciesMeta:
    "@biomejs/cli-darwin-arm64":
      optional: true
    "@biomejs/cli-darwin-x64":
      optional: true
    "@biomejs/cli-linux-arm64":
      optional: true
    "@biomejs/cli-linux-x64":
      optional: true
    "@biomejs/cli-win32-arm64":
      optional: true
    "@biomejs/cli-win32-x64":
      optional: true
  bin:
    biome: bin/biome
  checksum: 11d3a6d0ac0e31c6f5e5e33a46a77b4e1f0846a1d6c023b597a472266e911ce5ad0513b1946eedc37d31547785909c87110e803c69f564a36d4ff045d01ed243
  languageName: node
  linkType: hard

"@biomejs/cli-darwin-arm64@npm:1.4.1":
  version: 1.4.1
  resolution: "@biomejs/cli-darwin-arm64@npm:1.4.1"
  conditions: os=darwin & cpu=arm64
  languageName: node
  linkType: hard

"@biomejs/cli-darwin-x64@npm:1.4.1":
  version: 1.4.1
  resolution: "@biomejs/cli-darwin-x64@npm:1.4.1"
  conditions: os=darwin & cpu=x64
  languageName: node
  linkType: hard

"@biomejs/cli-linux-arm64@npm:1.4.1":
  version: 1.4.1
  resolution: "@biomejs/cli-linux-arm64@npm:1.4.1"
  conditions: os=linux & cpu=arm64
  languageName: node
  linkType: hard

"@biomejs/cli-linux-x64@npm:1.4.1":
  version: 1.4.1
  resolution: "@biomejs/cli-linux-x64@npm:1.4.1"
  conditions: os=linux & cpu=x64
  languageName: node
  linkType: hard

"@biomejs/cli-win32-arm64@npm:1.4.1":
  version: 1.4.1
  resolution: "@biomejs/cli-win32-arm64@npm:1.4.1"
  conditions: os=win32 & cpu=arm64
  languageName: node
  linkType: hard

"@biomejs/cli-win32-x64@npm:1.4.1":
  version: 1.4.1
  resolution: "@biomejs/cli-win32-x64@npm:1.4.1"
  conditions: os=win32 & cpu=x64
  languageName: node
  linkType: hard

"@mirucoma/hp@workspace:.":
  version: 0.0.0-use.local
  resolution: "@mirucoma/hp@workspace:."
  dependencies:
    "@biomejs/biome": "npm:1.4.1"
  languageName: unknown
  linkType: soft
